
Microsoft Visual Studio Solution File, Format Version 12.00
# Visual Studio Version 17
VisualStudioVersion = 17.8.34511.84
MinimumVisualStudioVersion = 10.0.40219.1
Project("{FAE04EC0-301F-11D3-BF4B-00C04F79EFBC}") = "marketotomasyonu2", "marketotomasyonu2.csproj", "{BC901435-F032-4B1C-A5D1-EF5D1BBF03D2}"
EndProject
Global
	GlobalSection(SolutionConfigurationPlatforms) = preSolution
		Debug|Any CPU = Debug|Any CPU
		Release|Any CPU = Release|Any CPU
	EndGlobalSection
	GlobalSection(ProjectConfigurationPlatforms) = postSolution
		{BC901435-F032-4B1C-A5D1-EF5D1BBF03D2}.Debug|Any CPU.ActiveCfg = Debug|Any CPU
		{BC901435-F032-4B1C-A5D1-EF5D1BBF03D2}.Debug|Any CPU.Build.0 = Debug|Any CPU
		{BC901435-F032-4B1C-A5D1-EF5D1BBF03D2}.Release|Any CPU.ActiveCfg = Release|Any CPU
		{BC901435-F032-4B1C-A5D1-EF5D1BBF03D2}.Release|Any CPU.Build.0 = Release|Any CPU
	EndGlobalSection
	GlobalSection(SolutionProperties) = preSolution
		HideSolutionNode = FALSE
	EndGlobalSection
	GlobalSection(ExtensibilityGlobals) = postSolution
		SolutionGuid = {CFA2C94F-8EF9-465E-BFFC-5C4A39F62A31}
	EndGlobalSection
EndGlobal
