
Microsoft Visual Studio Solution File, Format Version 12.00
# Visual Studio Version 17
VisualStudioVersion = 17.8.34511.84
MinimumVisualStudioVersion = 10.0.40219.1
Project("{FAE04EC0-301F-11D3-BF4B-00C04F79EFBC}") = "GiyimOtomasyonuFinalProject", "GiyimOtomasyonuFinalProject\GiyimOtomasyonuFinalProject.csproj", "{FA20A3FA-E1CD-4587-945F-3B571E6F9AC2}"
EndProject
Global
	GlobalSection(SolutionConfigurationPlatforms) = preSolution
		Debug|Any CPU = Debug|Any CPU
		Release|Any CPU = Release|Any CPU
	EndGlobalSection
	GlobalSection(ProjectConfigurationPlatforms) = postSolution
		{FA20A3FA-E1CD-4587-945F-3B571E6F9AC2}.Debug|Any CPU.ActiveCfg = Debug|Any CPU
		{FA20A3FA-E1CD-4587-945F-3B571E6F9AC2}.Debug|Any CPU.Build.0 = Debug|Any CPU
		{FA20A3FA-E1CD-4587-945F-3B571E6F9AC2}.Release|Any CPU.ActiveCfg = Release|Any CPU
		{FA20A3FA-E1CD-4587-945F-3B571E6F9AC2}.Release|Any CPU.Build.0 = Release|Any CPU
	EndGlobalSection
	GlobalSection(SolutionProperties) = preSolution
		HideSolutionNode = FALSE
	EndGlobalSection
	GlobalSection(ExtensibilityGlobals) = postSolution
		SolutionGuid = {88550A0C-065B-4429-92F3-DEB1685C5CDC}
	EndGlobalSection
EndGlobal
