
Microsoft Visual Studio Solution File, Format Version 12.00
# Visual Studio Version 17
VisualStudioVersion = 17.8.34511.84
MinimumVisualStudioVersion = 10.0.40219.1
Project("{FAE04EC0-301F-11D3-BF4B-00C04F79EFBC}") = "nkjl", "nkjl.csproj", "{899FBABA-FFE0-4712-9362-761435E3EF66}"
EndProject
Global
	GlobalSection(SolutionConfigurationPlatforms) = preSolution
		Debug|Any CPU = Debug|Any CPU
		Release|Any CPU = Release|Any CPU
	EndGlobalSection
	GlobalSection(ProjectConfigurationPlatforms) = postSolution
		{899FBABA-FFE0-4712-9362-761435E3EF66}.Debug|Any CPU.ActiveCfg = Debug|Any CPU
		{899FBABA-FFE0-4712-9362-761435E3EF66}.Debug|Any CPU.Build.0 = Debug|Any CPU
		{899FBABA-FFE0-4712-9362-761435E3EF66}.Release|Any CPU.ActiveCfg = Release|Any CPU
		{899FBABA-FFE0-4712-9362-761435E3EF66}.Release|Any CPU.Build.0 = Release|Any CPU
	EndGlobalSection
	GlobalSection(SolutionProperties) = preSolution
		HideSolutionNode = FALSE
	EndGlobalSection
	GlobalSection(ExtensibilityGlobals) = postSolution
		SolutionGuid = {E37E227E-17C7-4290-BB5D-35B5EB636983}
	EndGlobalSection
EndGlobal
