
Microsoft Visual Studio Solution File, Format Version 12.00
# Visual Studio Version 17
VisualStudioVersion = 17.8.34511.84
MinimumVisualStudioVersion = 10.0.40219.1
Project("{FAE04EC0-301F-11D3-BF4B-00C04F79EFBC}") = "oyunn", "oyunn\oyunn.csproj", "{F17B93B8-F9AF-4453-AA98-C3DFD0CD38CC}"
EndProject
Global
	GlobalSection(SolutionConfigurationPlatforms) = preSolution
		Debug|Any CPU = Debug|Any CPU
		Release|Any CPU = Release|Any CPU
	EndGlobalSection
	GlobalSection(ProjectConfigurationPlatforms) = postSolution
		{F17B93B8-F9AF-4453-AA98-C3DFD0CD38CC}.Debug|Any CPU.ActiveCfg = Debug|Any CPU
		{F17B93B8-F9AF-4453-AA98-C3DFD0CD38CC}.Debug|Any CPU.Build.0 = Debug|Any CPU
		{F17B93B8-F9AF-4453-AA98-C3DFD0CD38CC}.Release|Any CPU.ActiveCfg = Release|Any CPU
		{F17B93B8-F9AF-4453-AA98-C3DFD0CD38CC}.Release|Any CPU.Build.0 = Release|Any CPU
	EndGlobalSection
	GlobalSection(SolutionProperties) = preSolution
		HideSolutionNode = FALSE
	EndGlobalSection
	GlobalSection(ExtensibilityGlobals) = postSolution
		SolutionGuid = {5867CCA9-CE71-4FFE-9B5D-669EADCF84B8}
	EndGlobalSection
EndGlobal
